{
  "version": 4,
  "terraform_version": "0.12.29",
  "serial": 1,
  "lineage": "993e5fa0-22c9-d56e-45d5-ebb25b83e1ad",
  "outputs": {},
  "resources": [
    {
      "mode": "managed",
      "type": "aws_iam_user",
      "name": "user",
      "provider": "provider.aws",
      "instances": [
        {
          "schema_version": 0,
          "attributes": {
            "arn": "arn:aws:iam::580627628632:user/super-max",
            "force_destroy": false,
            "id": "super-max",
            "name": "super-max",
            "path": "/",
            "permissions_boundary": null,
            "tags": {
              "createdBy": "terraform"
            },
            "unique_id": "AIDAYOMA2QJMKE2E2GCUH"
          },
          "private": "bnVsbA=="
        }
      ]
    }
  ]
}
