{
  "version": 4,
  "terraform_version": "0.12.29",
  "serial": 8,
  "lineage": "dfc86f9d-c9c6-8253-bf6f-e6a57f858218",
  "outputs": {},
  "resources": [
    {
      "module": "module.frontend",
      "mode": "data",
      "type": "aws_iam_policy_document",
      "name": "policy_document",
      "provider": "provider.aws",
      "instances": [
        {
          "schema_version": 0,
          "attributes": {
            "id": "3617994446",
            "json": "{\n  \"Version\": \"2012-10-17\",\n  \"Statement\": [\n    {\n      \"Sid\": \"\",\n      \"Effect\": \"Allow\",\n      \"Action\": [\n        \"s3:PutObject\",\n        \"s3:ListBucket\",\n        \"s3:GetObject\",\n        \"s3:DeleteObject\"\n      ],\n      \"Resource\": [\n        \"arn:aws:s3:::ahyaemon-react-amplify-sample-frontend/*\",\n        \"arn:aws:s3:::ahyaemon-react-amplify-sample-frontend\"\n      ]\n    },\n    {\n      \"Sid\": \"\",\n      \"Effect\": \"Allow\",\n      \"Action\": [\n        \"cloudfront:ListInvalidations\",\n        \"cloudfront:GetInvalidation\",\n        \"cloudfront:GetDistributionConfig\",\n        \"cloudfront:GetDistribution\",\n        \"cloudfront:CreateInvalidation\"\n      ],\n      \"Resource\": \"arn:aws:cloudfront::580627628632:distribution/ECF9IK3MK8F4A\"\n    },\n    {\n      \"Sid\": \"\",\n      \"Effect\": \"Allow\",\n      \"Action\": [\n        \"cloudfront:ListStreamingDistributions\",\n        \"cloudfront:ListDistributions\"\n      ],\n      \"Resource\": \"*\"\n    }\n  ]\n}",
            "override_json": null,
            "policy_id": null,
            "source_json": null,
            "statement": [
              {
                "actions": [
                  "s3:DeleteObject",
                  "s3:GetObject",
                  "s3:ListBucket",
                  "s3:PutObject"
                ],
                "condition": [],
                "effect": "Allow",
                "not_actions": [],
                "not_principals": [],
                "not_resources": [],
                "principals": [],
                "resources": [
                  "arn:aws:s3:::ahyaemon-react-amplify-sample-frontend",
                  "arn:aws:s3:::ahyaemon-react-amplify-sample-frontend/*"
                ],
                "sid": ""
              },
              {
                "actions": [
                  "cloudfront:CreateInvalidation",
                  "cloudfront:GetDistribution",
                  "cloudfront:GetDistributionConfig",
                  "cloudfront:GetInvalidation",
                  "cloudfront:ListInvalidations"
                ],
                "condition": [],
                "effect": "Allow",
                "not_actions": [],
                "not_principals": [],
                "not_resources": [],
                "principals": [],
                "resources": [
                  "arn:aws:cloudfront::580627628632:distribution/ECF9IK3MK8F4A"
                ],
                "sid": ""
              },
              {
                "actions": [
                  "cloudfront:ListDistributions",
                  "cloudfront:ListStreamingDistributions"
                ],
                "condition": [],
                "effect": "Allow",
                "not_actions": [],
                "not_principals": [],
                "not_resources": [],
                "principals": [],
                "resources": [
                  "*"
                ],
                "sid": ""
              }
            ],
            "version": "2012-10-17"
          }
        }
      ]
    },
    {
      "module": "module.frontend",
      "mode": "managed",
      "type": "aws_cloudfront_distribution",
      "name": "cloudfront_distribution",
      "provider": "provider.aws",
      "instances": [
        {
          "schema_version": 1,
          "attributes": {
            "aliases": [],
            "arn": "arn:aws:cloudfront::580627628632:distribution/ECF9IK3MK8F4A",
            "caller_reference": "terraform-20201004110810457800000001",
            "comment": null,
            "custom_error_response": [],
            "default_cache_behavior": [
              {
                "allowed_methods": [
                  "DELETE",
                  "GET",
                  "HEAD",
                  "OPTIONS",
                  "PATCH",
                  "POST",
                  "PUT"
                ],
                "cached_methods": [
                  "GET",
                  "HEAD"
                ],
                "compress": false,
                "default_ttl": 3600,
                "field_level_encryption_id": "",
                "forwarded_values": [
                  {
                    "cookies": [
                      {
                        "forward": "none",
                        "whitelisted_names": []
                      }
                    ],
                    "headers": [],
                    "query_string": false,
                    "query_string_cache_keys": []
                  }
                ],
                "lambda_function_association": [],
                "max_ttl": 86400,
                "min_ttl": 0,
                "smooth_streaming": false,
                "target_origin_id": "frontendS3Origin",
                "trusted_signers": [],
                "viewer_protocol_policy": "allow-all"
              }
            ],
            "default_root_object": "index.html",
            "domain_name": "d1nugi0guoq6l.cloudfront.net",
            "enabled": true,
            "etag": "EBKFLVX57B49Q",
            "hosted_zone_id": "Z2FDTNDATAQYW2",
            "http_version": "http2",
            "id": "ECF9IK3MK8F4A",
            "in_progress_validation_batches": 0,
            "is_ipv6_enabled": false,
            "last_modified_time": "2020-10-04 11:08:11.934 +0000 UTC",
            "logging_config": [],
            "ordered_cache_behavior": [],
            "origin": [
              {
                "custom_header": [],
                "custom_origin_config": [],
                "domain_name": "ahyaemon-react-amplify-sample-frontend.s3.ap-northeast-1.amazonaws.com",
                "origin_id": "frontendS3Origin",
                "origin_path": "",
                "s3_origin_config": [
                  {
                    "origin_access_identity": "origin-access-identity/cloudfront/E1IRRWZREHHMOD"
                  }
                ]
              }
            ],
            "origin_group": [],
            "price_class": "PriceClass_All",
            "restrictions": [
              {
                "geo_restriction": [
                  {
                    "locations": [],
                    "restriction_type": "none"
                  }
                ]
              }
            ],
            "retain_on_delete": false,
            "status": "Deployed",
            "tags": {},
            "trusted_signers": [
              {
                "enabled": false,
                "items": []
              }
            ],
            "viewer_certificate": [
              {
                "acm_certificate_arn": "",
                "cloudfront_default_certificate": true,
                "iam_certificate_id": "",
                "minimum_protocol_version": "TLSv1",
                "ssl_support_method": ""
              }
            ],
            "wait_for_deployment": true,
            "web_acl_id": ""
          },
          "private": "eyJzY2hlbWFfdmVyc2lvbiI6IjEifQ==",
          "dependencies": [
            "module.frontend.aws_cloudfront_origin_access_identity.cloudfront_origin_access_identity",
            "module.frontend.aws_s3_bucket.s3_bucket"
          ]
        }
      ]
    },
    {
      "module": "module.frontend",
      "mode": "managed",
      "type": "aws_cloudfront_origin_access_identity",
      "name": "cloudfront_origin_access_identity",
      "provider": "provider.aws",
      "instances": [
        {
          "schema_version": 0,
          "attributes": {
            "caller_reference": "terraform-20201004110604668400000001",
            "cloudfront_access_identity_path": "origin-access-identity/cloudfront/E1IRRWZREHHMOD",
            "comment": null,
            "etag": "E2GDVTW8AZRAB3",
            "iam_arn": "arn:aws:iam::cloudfront:user/CloudFront Origin Access Identity E1IRRWZREHHMOD",
            "id": "E1IRRWZREHHMOD",
            "s3_canonical_user_id": "cadc70349c035970fe41f4181da41716e978c23f20ace8a434fff6d58e905a93b6074211cb1f15fcbfe258e81b6bd034"
          },
          "private": "bnVsbA=="
        }
      ]
    },
    {
      "module": "module.frontend",
      "mode": "managed",
      "type": "aws_iam_access_key",
      "name": "access_key",
      "provider": "provider.aws",
      "instances": [
        {
          "schema_version": 0,
          "attributes": {
            "encrypted_secret": null,
            "id": "AKIAYOMA2QJMKCRQ7X6F",
            "key_fingerprint": null,
            "pgp_key": null,
            "secret": "p7FnOXDU1+Yzdcb8LQyCH7N6pWJ9knarWHKsSjVH",
            "ses_smtp_password_v4": "BDFdMJRQSO6aLBNrnUc6nDzr6s8gVbYuLTqkPSqaGOrf",
            "status": "Active",
            "user": "github_actions_deploy"
          },
          "private": "bnVsbA==",
          "dependencies": [
            "module.frontend.aws_iam_user.github_actions_deploy"
          ]
        }
      ]
    },
    {
      "module": "module.frontend",
      "mode": "managed",
      "type": "aws_iam_user",
      "name": "github_actions_deploy",
      "provider": "provider.aws",
      "instances": [
        {
          "schema_version": 0,
          "attributes": {
            "arn": "arn:aws:iam::580627628632:user/github_actions_deploy",
            "force_destroy": true,
            "id": "github_actions_deploy",
            "name": "github_actions_deploy",
            "path": "/",
            "permissions_boundary": null,
            "tags": null,
            "unique_id": "AIDAYOMA2QJMJLPRVUEY4"
          },
          "private": "bnVsbA=="
        }
      ]
    },
    {
      "module": "module.frontend",
      "mode": "managed",
      "type": "aws_iam_user_policy",
      "name": "policy",
      "provider": "provider.aws",
      "instances": [
        {
          "schema_version": 0,
          "attributes": {
            "id": "github_actions_deploy:github_actions_deploy_policy",
            "name": "github_actions_deploy_policy",
            "name_prefix": null,
            "policy": "{\n  \"Version\": \"2012-10-17\",\n  \"Statement\": [\n    {\n      \"Sid\": \"\",\n      \"Effect\": \"Allow\",\n      \"Action\": [\n        \"s3:PutObject\",\n        \"s3:ListBucket\",\n        \"s3:GetObject\",\n        \"s3:DeleteObject\"\n      ],\n      \"Resource\": [\n        \"arn:aws:s3:::ahyaemon-react-amplify-sample-frontend/*\",\n        \"arn:aws:s3:::ahyaemon-react-amplify-sample-frontend\"\n      ]\n    },\n    {\n      \"Sid\": \"\",\n      \"Effect\": \"Allow\",\n      \"Action\": [\n        \"cloudfront:ListInvalidations\",\n        \"cloudfront:GetInvalidation\",\n        \"cloudfront:GetDistributionConfig\",\n        \"cloudfront:GetDistribution\",\n        \"cloudfront:CreateInvalidation\"\n      ],\n      \"Resource\": \"arn:aws:cloudfront::580627628632:distribution/ECF9IK3MK8F4A\"\n    },\n    {\n      \"Sid\": \"\",\n      \"Effect\": \"Allow\",\n      \"Action\": [\n        \"cloudfront:ListStreamingDistributions\",\n        \"cloudfront:ListDistributions\"\n      ],\n      \"Resource\": \"*\"\n    }\n  ]\n}",
            "user": "github_actions_deploy"
          },
          "private": "bnVsbA==",
          "dependencies": [
            "module.frontend.aws_iam_user.github_actions_deploy"
          ]
        }
      ]
    },
    {
      "module": "module.frontend",
      "mode": "managed",
      "type": "aws_s3_bucket",
      "name": "s3_bucket",
      "provider": "provider.aws",
      "instances": [
        {
          "schema_version": 0,
          "attributes": {
            "acceleration_status": "",
            "acl": "private",
            "arn": "arn:aws:s3:::ahyaemon-react-amplify-sample-frontend",
            "bucket": "ahyaemon-react-amplify-sample-frontend",
            "bucket_domain_name": "ahyaemon-react-amplify-sample-frontend.s3.amazonaws.com",
            "bucket_prefix": null,
            "bucket_regional_domain_name": "ahyaemon-react-amplify-sample-frontend.s3.ap-northeast-1.amazonaws.com",
            "cors_rule": [],
            "force_destroy": false,
            "grant": [],
            "hosted_zone_id": "Z2M4EHUR26P7ZW",
            "id": "ahyaemon-react-amplify-sample-frontend",
            "lifecycle_rule": [],
            "logging": [],
            "object_lock_configuration": [],
            "policy": null,
            "region": "ap-northeast-1",
            "replication_configuration": [],
            "request_payer": "BucketOwner",
            "server_side_encryption_configuration": [],
            "tags": {},
            "versioning": [
              {
                "enabled": false,
                "mfa_delete": false
              }
            ],
            "website": [],
            "website_domain": null,
            "website_endpoint": null
          },
          "private": "bnVsbA=="
        }
      ]
    }
  ]
}
